
Microsoft Visual Studio Solution File, Format Version 12.00
# Visual Studio Version 17
VisualStudioVersion = 17.8.34309.116
MinimumVisualStudioVersion = 10.0.40219.1
Project("{9A19103F-16F7-4668-BE54-9A1E7A4F7556}") = "Synergit.Maui.Camera", "Synergit.Maui.Camera\Synergit.Maui.Camera.csproj", "{700E63EF-1F63-408E-A84F-E3311B7AF41D}"
EndProject
Project("{FAE04EC0-301F-11D3-BF4B-00C04F79EFBC}") = "Synergit.Maui.Camera.Test", "Synergit.Maui.Camera.Test\Synergit.Maui.Camera.Test.csproj", "{535B7A04-D80D-4D05-AD82-221FC5A55D7C}"
EndProject
Global
	GlobalSection(SolutionConfigurationPlatforms) = preSolution
		Debug|Any CPU = Debug|Any CPU
		Release|Any CPU = Release|Any CPU
	EndGlobalSection
	GlobalSection(ProjectConfigurationPlatforms) = postSolution
		{700E63EF-1F63-408E-A84F-E3311B7AF41D}.Debug|Any CPU.ActiveCfg = Debug|Any CPU
		{700E63EF-1F63-408E-A84F-E3311B7AF41D}.Debug|Any CPU.Build.0 = Debug|Any CPU
		{700E63EF-1F63-408E-A84F-E3311B7AF41D}.Debug|Any CPU.Deploy.0 = Debug|Any CPU
		{700E63EF-1F63-408E-A84F-E3311B7AF41D}.Release|Any CPU.ActiveCfg = Release|Any CPU
		{700E63EF-1F63-408E-A84F-E3311B7AF41D}.Release|Any CPU.Build.0 = Release|Any CPU
		{700E63EF-1F63-408E-A84F-E3311B7AF41D}.Release|Any CPU.Deploy.0 = Release|Any CPU
		{535B7A04-D80D-4D05-AD82-221FC5A55D7C}.Debug|Any CPU.ActiveCfg = Debug|Any CPU
		{535B7A04-D80D-4D05-AD82-221FC5A55D7C}.Debug|Any CPU.Build.0 = Debug|Any CPU
		{535B7A04-D80D-4D05-AD82-221FC5A55D7C}.Debug|Any CPU.Deploy.0 = Debug|Any CPU
		{535B7A04-D80D-4D05-AD82-221FC5A55D7C}.Release|Any CPU.ActiveCfg = Release|Any CPU
		{535B7A04-D80D-4D05-AD82-221FC5A55D7C}.Release|Any CPU.Build.0 = Release|Any CPU
		{535B7A04-D80D-4D05-AD82-221FC5A55D7C}.Release|Any CPU.Deploy.0 = Release|Any CPU
	EndGlobalSection
	GlobalSection(SolutionProperties) = preSolution
		HideSolutionNode = FALSE
	EndGlobalSection
	GlobalSection(ExtensibilityGlobals) = postSolution
		SolutionGuid = {72621F01-AF9E-49FD-9F33-3C0B7A020989}
	EndGlobalSection
EndGlobal
